<?xml version="1.0" encoding="utf-8"?>
<Project ToolsVersion="4.0" xmlns="http://schemas.microsoft.com/developer/msbuild/2003">
  <ItemGroup>
    <Filter Include="main">
      <UniqueIdentifier>{4FC737F1-C7A5-4376-A066-2A32D752A2FF}</UniqueIdentifier>
      <Extensions>cpp;c;cc;cxx;c++;cppm;ixx;def;odl;idl;hpj;bat;asm;asmx</Extensions>
    </Filter>
    <Filter Include="cicd">
      <UniqueIdentifier>{96fd3be9-74ec-4cd8-b45e-693974b48beb}</UniqueIdentifier>
    </Filter>
    <Filter Include="code">
      <UniqueIdentifier>{b01d4cac-2aa2-4467-8307-54d1d1f0fda5}</UniqueIdentifier>
    </Filter>
  </ItemGroup>
  <ItemGroup>
    <ClCompile Include="main_demo.cpp">
      <Filter>main</Filter>
    </ClCompile>
    <ClCompile Include="WinMain_demo.cpp">
      <Filter>main</Filter>
    </ClCompile>
    <ClCompile Include="code\MemoryTracker.cpp">
      <Filter>code</Filter>
    </ClCompile>
  </ItemGroup>
  <ItemGroup>
    <ClInclude Include="code\MemoryTracker.h">
      <Filter>code</Filter>
    </ClInclude>
  </ItemGroup>
  <ItemGroup>
    <None Include=".github\workflows\release.yml">
      <Filter>cicd</Filter>
    </None>
  </ItemGroup>
</Project>